
Microsoft Visual Studio Solution File, Format Version 12.00
# Visual Studio Version 17
VisualStudioVersion = 17.7.34024.191
MinimumVisualStudioVersion = 10.0.40219.1
Project("{FAE04EC0-301F-11D3-BF4B-00C04F79EFBC}") = "threetier", "threetier\threetier.csproj", "{072212F5-1035-4C5F-8F6C-0612291F042E}"
EndProject
Project("{FAE04EC0-301F-11D3-BF4B-00C04F79EFBC}") = "BLL", "BLL\BLL.csproj", "{B583FA92-8B77-4F36-BDFE-7D351D902E29}"
EndProject
Project("{FAE04EC0-301F-11D3-BF4B-00C04F79EFBC}") = "DAL", "DAL\DAL.csproj", "{4AB31F6A-9C96-4ABB-96DB-9B32B9F960AA}"
EndProject
Global
	GlobalSection(SolutionConfigurationPlatforms) = preSolution
		Debug|Any CPU = Debug|Any CPU
		Release|Any CPU = Release|Any CPU
	EndGlobalSection
	GlobalSection(ProjectConfigurationPlatforms) = postSolution
		{072212F5-1035-4C5F-8F6C-0612291F042E}.Debug|Any CPU.ActiveCfg = Debug|Any CPU
		{072212F5-1035-4C5F-8F6C-0612291F042E}.Debug|Any CPU.Build.0 = Debug|Any CPU
		{072212F5-1035-4C5F-8F6C-0612291F042E}.Release|Any CPU.ActiveCfg = Release|Any CPU
		{072212F5-1035-4C5F-8F6C-0612291F042E}.Release|Any CPU.Build.0 = Release|Any CPU
		{B583FA92-8B77-4F36-BDFE-7D351D902E29}.Debug|Any CPU.ActiveCfg = Debug|Any CPU
		{B583FA92-8B77-4F36-BDFE-7D351D902E29}.Debug|Any CPU.Build.0 = Debug|Any CPU
		{B583FA92-8B77-4F36-BDFE-7D351D902E29}.Release|Any CPU.ActiveCfg = Release|Any CPU
		{B583FA92-8B77-4F36-BDFE-7D351D902E29}.Release|Any CPU.Build.0 = Release|Any CPU
		{4AB31F6A-9C96-4ABB-96DB-9B32B9F960AA}.Debug|Any CPU.ActiveCfg = Debug|Any CPU
		{4AB31F6A-9C96-4ABB-96DB-9B32B9F960AA}.Debug|Any CPU.Build.0 = Debug|Any CPU
		{4AB31F6A-9C96-4ABB-96DB-9B32B9F960AA}.Release|Any CPU.ActiveCfg = Release|Any CPU
		{4AB31F6A-9C96-4ABB-96DB-9B32B9F960AA}.Release|Any CPU.Build.0 = Release|Any CPU
	EndGlobalSection
	GlobalSection(SolutionProperties) = preSolution
		HideSolutionNode = FALSE
	EndGlobalSection
	GlobalSection(ExtensibilityGlobals) = postSolution
		SolutionGuid = {7396C3D3-75BB-4811-8224-0BF9329BAE04}
	EndGlobalSection
EndGlobal
